<Solution>
  <Folder Name="/Solution Items/">
    <File Path=".editorconfig" />
    <File Path="Directory.Build.props" />
  </Folder>
  <Project Path="DiGi.PostgreSQL.PartitionReference/DiGi.PostgreSQL.PartitionReference.csproj" Id="c663fb08-f24c-4646-81de-18803c569401" />
  <Project Path="DiGi.PostgreSQL.UniqueReference/DiGi.PostgreSQL.UniqueReference.csproj" Id="2093828d-c5f7-4911-84ae-7589e5a5e2a9" />
  <Project Path="DiGi.PostgreSQL/DiGi.PostgreSQL.csproj" />
</Solution>
